
Microsoft Visual Studio Solution File, Format Version 12.00
# Visual Studio Version 16
VisualStudioVersion = 16.0.32413.511
MinimumVisualStudioVersion = 10.0.40219.1
Project("{FAE04EC0-301F-11D3-BF4B-00C04F79EFBC}") = "QLVT_DATHANG", "QLVT_DATHANG\QLVT_DATHANG.csproj", "{A25A18CB-8167-4B57-8387-015B6678110E}"
EndProject
Global
	GlobalSection(SolutionConfigurationPlatforms) = preSolution
		Debug|Any CPU = Debug|Any CPU
		Release|Any CPU = Release|Any CPU
	EndGlobalSection
	GlobalSection(ProjectConfigurationPlatforms) = postSolution
		{A25A18CB-8167-4B57-8387-015B6678110E}.Debug|Any CPU.ActiveCfg = Debug|Any CPU
		{A25A18CB-8167-4B57-8387-015B6678110E}.Debug|Any CPU.Build.0 = Debug|Any CPU
		{A25A18CB-8167-4B57-8387-015B6678110E}.Release|Any CPU.ActiveCfg = Release|Any CPU
		{A25A18CB-8167-4B57-8387-015B6678110E}.Release|Any CPU.Build.0 = Release|Any CPU
	EndGlobalSection
	GlobalSection(SolutionProperties) = preSolution
		HideSolutionNode = FALSE
	EndGlobalSection
	GlobalSection(ExtensibilityGlobals) = postSolution
		SolutionGuid = {88BD0E28-6511-42D2-957B-BA788F5BDA08}
	EndGlobalSection
EndGlobal
